PODS:
  - Alamofire (4.8.2)
  - Kingfisher (5.5.0)
  - PromiseKit/Alamofire (6.8.4):
    - Alamofire (~> 4.0)
    - PromiseKit/CorePromise
  - PromiseKit/CorePromise (6.8.4)
  - SnapKit (5.0.0)

DEPENDENCIES:
  - Kingfisher
  - PromiseKit/Alamofire
  - SnapKit

SPEC REPOS:
  https://github.com/cocoapods/specs.git:
    - Alamofire
    - Kingfisher
    - PromiseKit
    - SnapKit

SPEC CHECKSUMS:
  Alamofire: ae5c501addb7afdbb13687d7f2f722c78734c2d3
  Kingfisher: 6fe5e67a90fd335e49b0f5c075ff55ac5ebedd94
  PromiseKit: 51794a832647e7b819336dc2279039ce9f1cc49b
  SnapKit: fd22d10eb9aff484d79a8724eab922c1ddf89bcf

PODFILE CHECKSUM: 42e4df9843382e75013dce7b8105340e765f092a

COCOAPODS: 1.7.0
