// !$*UTF8*$!
{
	archiveVersion = 1;
	classes = {
	};
	objectVersion = 51;
	objects = {

/* Begin PBXBuildFile section */
		59DBAE656258FC0986932945 /* Pods_dogeTV.framework in Frameworks */ = {isa = PBXBuildFile; fileRef = F26910516B8FE6E0B0C9D258 /* Pods_dogeTV.framework */; };
		79115816226995FC0034E551 /* AVKit.framework in Frameworks */ = {isa = PBXBuildFile; fileRef = 79115815226995FB0034E551 /* AVKit.framework */; };
		7916EF132266BA1400FB6721 /* SearchViewController.swift in Sources */ = {isa = PBXBuildFile; fileRef = 7916EF112266BA1400FB6721 /* SearchViewController.swift */; };
		7916EF142266BA1400FB6721 /* SearchViewController.xib in Resources */ = {isa = PBXBuildFile; fileRef = 7916EF122266BA1400FB6721 /* SearchViewController.xib */; };
		7916EF172266C0EF00FB6721 /* ChannelCardView.swift in Sources */ = {isa = PBXBuildFile; fileRef = 7916EF152266C0EF00FB6721 /* ChannelCardView.swift */; };
		7916EF182266C0EF00FB6721 /* ChannelCardView.xib in Resources */ = {isa = PBXBuildFile; fileRef = 7916EF162266C0EF00FB6721 /* ChannelCardView.xib */; };
		7916EF1B2266C1AD00FB6721 /* ChannelGridViewController.swift in Sources */ = {isa = PBXBuildFile; fileRef = 7916EF192266C1AD00FB6721 /* ChannelGridViewController.swift */; };
		7916EF1C2266C1AD00FB6721 /* ChannelGridViewController.xib in Resources */ = {isa = PBXBuildFile; fileRef = 7916EF1A2266C1AD00FB6721 /* ChannelGridViewController.xib */; };
		7916EF1E2266EF3600FB6721 /* NSColorExtension.swift in Sources */ = {isa = PBXBuildFile; fileRef = 7916EF1D2266EF3600FB6721 /* NSColorExtension.swift */; };
		7916EF202267012000FB6721 /* QueryOptionsView.swift in Sources */ = {isa = PBXBuildFile; fileRef = 7916EF1F2267012000FB6721 /* QueryOptionsView.swift */; };
		7916EF24226704AB00FB6721 /* NSViewExtension.swift in Sources */ = {isa = PBXBuildFile; fileRef = 7916EF23226704AB00FB6721 /* NSViewExtension.swift */; };
		7939584222674F90001FE58A /* SearchBarView.swift in Sources */ = {isa = PBXBuildFile; fileRef = 7939584122674F90001FE58A /* SearchBarView.swift */; };
		7939584422675F06001FE58A /* NSViewControllerExtension.swift in Sources */ = {isa = PBXBuildFile; fileRef = 7939584322675F06001FE58A /* NSViewControllerExtension.swift */; };
		79395847226764D8001FE58A /* LivePlayerViewController.swift in Sources */ = {isa = PBXBuildFile; fileRef = 79395845226764D8001FE58A /* LivePlayerViewController.swift */; };
		79395848226764D8001FE58A /* LivePlayerViewController.xib in Resources */ = {isa = PBXBuildFile; fileRef = 79395846226764D8001FE58A /* LivePlayerViewController.xib */; };
		793AF1362277E3310030CE7F /* IPTV.swift in Sources */ = {isa = PBXBuildFile; fileRef = 793AF1352277E3310030CE7F /* IPTV.swift */; };
		794A8001226D5F0700941333 /* NSImageExtension.swift in Sources */ = {isa = PBXBuildFile; fileRef = 794A8000226D5F0700941333 /* NSImageExtension.swift */; };
		796C844A2276E07000EC8FCF /* QueryOptionsKeyView.swift in Sources */ = {isa = PBXBuildFile; fileRef = 796C84492276E07000EC8FCF /* QueryOptionsKeyView.swift */; };
		796C844C2276E08100EC8FCF /* QueryOptionsKeyView.xib in Resources */ = {isa = PBXBuildFile; fileRef = 796C844B2276E08100EC8FCF /* QueryOptionsKeyView.xib */; };
		7980B96A227531AC00DD8336 /* ParseViewController.swift in Sources */ = {isa = PBXBuildFile; fileRef = 7980B968227531AC00DD8336 /* ParseViewController.swift */; };
		7980B96B227531AC00DD8336 /* ParseViewController.xib in Resources */ = {isa = PBXBuildFile; fileRef = 7980B969227531AC00DD8336 /* ParseViewController.xib */; };
		79820F70226FF7FC00ADA103 /* GitHubUpdates.framework in Frameworks */ = {isa = PBXBuildFile; fileRef = 79820F65226FF70600ADA103 /* GitHubUpdates.framework */; };
		79820F71226FF7FD00ADA103 /* GitHubUpdates.framework in Embed Frameworks */ = {isa = PBXBuildFile; fileRef = 79820F65226FF70600ADA103 /* GitHubUpdates.framework */; settings = {ATTRIBUTES = (CodeSignOnCopy, RemoveHeadersOnCopy, ); }; };
		79820F742270093300ADA103 /* MainWindowController.swift in Sources */ = {isa = PBXBuildFile; fileRef = 79820F732270093300ADA103 /* MainWindowController.swift */; };
		79820F762270097000ADA103 /* NSApplicationExtension.swift in Sources */ = {isa = PBXBuildFile; fileRef = 79820F752270097000ADA103 /* NSApplicationExtension.swift */; };
		7988F6B822689824002B5B9D /* AspectFitImageView.swift in Sources */ = {isa = PBXBuildFile; fileRef = 7988F6B722689824002B5B9D /* AspectFitImageView.swift */; };
		798E5B91227D568C005C6AA5 /* ScrollingTextView.swift in Sources */ = {isa = PBXBuildFile; fileRef = 798E5B90227D568C005C6AA5 /* ScrollingTextView.swift */; };
		799B96032264AB54002C8FFA /* GridSectionHeader.swift in Sources */ = {isa = PBXBuildFile; fileRef = 799B96022264AB54002C8FFA /* GridSectionHeader.swift */; };
		799B96052264AB61002C8FFA /* GridSectionHeader.xib in Resources */ = {isa = PBXBuildFile; fileRef = 799B96042264AB61002C8FFA /* GridSectionHeader.xib */; };
		799B96072264AD8A002C8FFA /* LatestGridViewController.xib in Resources */ = {isa = PBXBuildFile; fileRef = 799B96062264AD8A002C8FFA /* LatestGridViewController.xib */; };
		799B960E2264AF61002C8FFA /* ENV.swift in Sources */ = {isa = PBXBuildFile; fileRef = 799B960B2264AF61002C8FFA /* ENV.swift */; };
		799B96122264AF78002C8FFA /* Helpers.swift in Sources */ = {isa = PBXBuildFile; fileRef = 799B96112264AF78002C8FFA /* Helpers.swift */; };
		799B96202264AF7F002C8FFA /* Hot.swift in Sources */ = {isa = PBXBuildFile; fileRef = 799B96142264AF7E002C8FFA /* Hot.swift */; };
		799B96212264AF7F002C8FFA /* CloudParse.swift in Sources */ = {isa = PBXBuildFile; fileRef = 799B96152264AF7E002C8FFA /* CloudParse.swift */; };
		799B96232264AF7F002C8FFA /* Episode.swift in Sources */ = {isa = PBXBuildFile; fileRef = 799B96172264AF7E002C8FFA /* Episode.swift */; };
		799B96242264AF7F002C8FFA /* Response.swift in Sources */ = {isa = PBXBuildFile; fileRef = 799B96182264AF7E002C8FFA /* Response.swift */; };
		799B96252264AF7F002C8FFA /* OptionSet.swift in Sources */ = {isa = PBXBuildFile; fileRef = 799B96192264AF7E002C8FFA /* OptionSet.swift */; };
		799B96262264AF7F002C8FFA /* Ranking.swift in Sources */ = {isa = PBXBuildFile; fileRef = 799B961A2264AF7E002C8FFA /* Ranking.swift */; };
		799B96272264AF7F002C8FFA /* Video.swift in Sources */ = {isa = PBXBuildFile; fileRef = 799B961B2264AF7E002C8FFA /* Video.swift */; };
		799B96282264AF7F002C8FFA /* Topic.swift in Sources */ = {isa = PBXBuildFile; fileRef = 799B961C2264AF7E002C8FFA /* Topic.swift */; };
		799B96292264AF7F002C8FFA /* APIClient.swift in Sources */ = {isa = PBXBuildFile; fileRef = 799B961E2264AF7F002C8FFA /* APIClient.swift */; };
		799B962A2264AF7F002C8FFA /* Router.swift in Sources */ = {isa = PBXBuildFile; fileRef = 799B961F2264AF7F002C8FFA /* Router.swift */; };
		799B962D2264B080002C8FFA /* StringExtension.swift in Sources */ = {isa = PBXBuildFile; fileRef = 799B962C2264B080002C8FFA /* StringExtension.swift */; };
		799B962F2264B357002C8FFA /* NSImageViewExtension.swift in Sources */ = {isa = PBXBuildFile; fileRef = 799B962E2264B357002C8FFA /* NSImageViewExtension.swift */; };
		799FED7822655A8800BD5900 /* VideoGridViewController.swift in Sources */ = {isa = PBXBuildFile; fileRef = 799FED7622655A8800BD5900 /* VideoGridViewController.swift */; };
		799FED7922655A8800BD5900 /* VideoGridViewController.xib in Resources */ = {isa = PBXBuildFile; fileRef = 799FED7722655A8800BD5900 /* VideoGridViewController.xib */; };
		799FED7B2265685200BD5900 /* PPButton.swift in Sources */ = {isa = PBXBuildFile; fileRef = 799FED7A2265685200BD5900 /* PPButton.swift */; };
		79A219D8226C5B2500D9581B /* CollectionViewLeftFlowLayout.swift in Sources */ = {isa = PBXBuildFile; fileRef = 79A219D7226C5B2500D9581B /* CollectionViewLeftFlowLayout.swift */; };
		79B7AD06226AADE600600282 /* UserViewController.swift in Sources */ = {isa = PBXBuildFile; fileRef = 79B7AD04226AADE600600282 /* UserViewController.swift */; };
		79B7AD07226AADE600600282 /* UserViewController.xib in Resources */ = {isa = PBXBuildFile; fileRef = 79B7AD05226AADE600600282 /* UserViewController.xib */; };
		79B7AD0A226AB63C00600282 /* HistoryCardView.swift in Sources */ = {isa = PBXBuildFile; fileRef = 79B7AD08226AB63C00600282 /* HistoryCardView.swift */; };
		79B7AD0B226AB63C00600282 /* HistoryCardView.xib in Resources */ = {isa = PBXBuildFile; fileRef = 79B7AD09226AB63C00600282 /* HistoryCardView.xib */; };
		79B7AD0D226AD36700600282 /* EmptyView.swift in Sources */ = {isa = PBXBuildFile; fileRef = 79B7AD0C226AD36700600282 /* EmptyView.swift */; };
		79B7AD0F226AD37000600282 /* EmptyView.xib in Resources */ = {isa = PBXBuildFile; fileRef = 79B7AD0E226AD37000600282 /* EmptyView.xib */; };
		79B7AD15226AE38000600282 /* AboutWindow.storyboard in Resources */ = {isa = PBXBuildFile; fileRef = 79B7AD14226AE38000600282 /* AboutWindow.storyboard */; };
		79B7AD17226AE39F00600282 /* AboutWindowController.swift in Sources */ = {isa = PBXBuildFile; fileRef = 79B7AD16226AE39F00600282 /* AboutWindowController.swift */; };
		79B7AD19226AE3BB00600282 /* AboutViewController.swift in Sources */ = {isa = PBXBuildFile; fileRef = 79B7AD18226AE3BB00600282 /* AboutViewController.swift */; };
		79C9EEB02269F905007B6B35 /* Repository.swift in Sources */ = {isa = PBXBuildFile; fileRef = 79C9EEAF2269F905007B6B35 /* Repository.swift */; };
		79D927A422657854009C446E /* QueryOptionView.swift in Sources */ = {isa = PBXBuildFile; fileRef = 79D927A222657854009C446E /* QueryOptionView.swift */; };
		79D927A522657854009C446E /* QueryOptionView.xib in Resources */ = {isa = PBXBuildFile; fileRef = 79D927A322657854009C446E /* QueryOptionView.xib */; };
		79D927A72265931A009C446E /* NSButtonExtension.swift in Sources */ = {isa = PBXBuildFile; fileRef = 79D927A62265931A009C446E /* NSButtonExtension.swift */; };
		79D927AF22659890009C446E /* AppWindowController.swift in Sources */ = {isa = PBXBuildFile; fileRef = 79D927AD22659890009C446E /* AppWindowController.swift */; };
		79D927B022659890009C446E /* AppWindowController.xib in Resources */ = {isa = PBXBuildFile; fileRef = 79D927AE22659890009C446E /* AppWindowController.xib */; };
		79D927B3226598AD009C446E /* PlayerViewController.swift in Sources */ = {isa = PBXBuildFile; fileRef = 79D927B1226598AD009C446E /* PlayerViewController.swift */; };
		79D927B4226598AD009C446E /* PlayerViewController.xib in Resources */ = {isa = PBXBuildFile; fileRef = 79D927B2226598AD009C446E /* PlayerViewController.xib */; };
		79D927B72265A73B009C446E /* EpisodeItemView.swift in Sources */ = {isa = PBXBuildFile; fileRef = 79D927B52265A73B009C446E /* EpisodeItemView.swift */; };
		79D927B82265A73B009C446E /* EpisodeItemView.xib in Resources */ = {isa = PBXBuildFile; fileRef = 79D927B62265A73B009C446E /* EpisodeItemView.xib */; };
		79D927BB2265B97F009C446E /* VideoIntroView.swift in Sources */ = {isa = PBXBuildFile; fileRef = 79D927B92265B97F009C446E /* VideoIntroView.swift */; };
		79D927BC2265B97F009C446E /* VideoIntroView.xib in Resources */ = {isa = PBXBuildFile; fileRef = 79D927BA2265B97F009C446E /* VideoIntroView.xib */; };
		79E091042268013000219C87 /* ContainerView.swift in Sources */ = {isa = PBXBuildFile; fileRef = 79E091032268013000219C87 /* ContainerView.swift */; };
		79E09107226835B000219C87 /* TopRatedViewController.swift in Sources */ = {isa = PBXBuildFile; fileRef = 79E09105226835B000219C87 /* TopRatedViewController.swift */; };
		79E09108226835B000219C87 /* TopRatedViewController.xib in Resources */ = {isa = PBXBuildFile; fileRef = 79E09106226835B000219C87 /* TopRatedViewController.xib */; };
		79E091122268474900219C87 /* SearchBarView.xib in Resources */ = {isa = PBXBuildFile; fileRef = 79E091112268474900219C87 /* SearchBarView.xib */; };
		79E0911922686AB200219C87 /* TopicsViewController.swift in Sources */ = {isa = PBXBuildFile; fileRef = 79E0911722686AB200219C87 /* TopicsViewController.swift */; };
		79E0911A22686AB200219C87 /* TopicsViewController.xib in Resources */ = {isa = PBXBuildFile; fileRef = 79E0911822686AB200219C87 /* TopicsViewController.xib */; };
		79E0911C226873A000219C87 /* DisablableScrollView.swift in Sources */ = {isa = PBXBuildFile; fileRef = 79E0911B226873A000219C87 /* DisablableScrollView.swift */; };
		79EAB4A4227AD46300C85EAD /* PlayStatusView.swift in Sources */ = {isa = PBXBuildFile; fileRef = 79EAB4A3227AD46300C85EAD /* PlayStatusView.swift */; };
		79EAB4A6227AD46F00C85EAD /* PlayStatusView.xib in Resources */ = {isa = PBXBuildFile; fileRef = 79EAB4A5227AD46F00C85EAD /* PlayStatusView.xib */; };
		79EAB4AA227AF31500C85EAD /* GradientView.swift in Sources */ = {isa = PBXBuildFile; fileRef = 79EAB4A9227AF31500C85EAD /* GradientView.swift */; };
		79F0413D2275591D0005B006 /* WebKit.framework in Frameworks */ = {isa = PBXBuildFile; fileRef = 79F0413C2275591D0005B006 /* WebKit.framework */; };
		79F04143227587A80005B006 /* Menu.swift in Sources */ = {isa = PBXBuildFile; fileRef = 79F04142227587A80005B006 /* Menu.swift */; };
		79FD5BF722647AC3009EDB9C /* AppDelegate.swift in Sources */ = {isa = PBXBuildFile; fileRef = 79FD5BF622647AC3009EDB9C /* AppDelegate.swift */; };
		79FD5BF922647AC3009EDB9C /* RootViewController.swift in Sources */ = {isa = PBXBuildFile; fileRef = 79FD5BF822647AC3009EDB9C /* RootViewController.swift */; };
		79FD5BFB22647AC4009EDB9C /* Assets.xcassets in Resources */ = {isa = PBXBuildFile; fileRef = 79FD5BFA22647AC4009EDB9C /* Assets.xcassets */; };
		79FD5BFE22647AC4009EDB9C /* Main.storyboard in Resources */ = {isa = PBXBuildFile; fileRef = 79FD5BFC22647AC4009EDB9C /* Main.storyboard */; };
		79FD5C0722648353009EDB9C /* LatestGridViewController.swift in Sources */ = {isa = PBXBuildFile; fileRef = 79FD5C0622648353009EDB9C /* LatestGridViewController.swift */; };
		79FD5C0E22648A27009EDB9C /* VideoCardView.swift in Sources */ = {isa = PBXBuildFile; fileRef = 79FD5C0C22648A27009EDB9C /* VideoCardView.swift */; };
		79FD5C0F22648A27009EDB9C /* VideoCardView.xib in Resources */ = {isa = PBXBuildFile; fileRef = 79FD5C0D22648A27009EDB9C /* VideoCardView.xib */; };
/* End PBXBuildFile section */

/* Begin PBXCopyFilesBuildPhase section */
		79820F72226FF7FD00ADA103 /* Embed Frameworks */ = {
			isa = PBXCopyFilesBuildPhase;
			buildActionMask = 2147483647;
			dstPath = "";
			dstSubfolderSpec = 10;
			files = (
				79820F71226FF7FD00ADA103 /* GitHubUpdates.framework in Embed Frameworks */,
			);
			name = "Embed Frameworks";
			runOnlyForDeploymentPostprocessing = 0;
		};
/* End PBXCopyFilesBuildPhase section */

/* Begin PBXFileReference section */
		0762FFF90A53923C70174323 /* Pods-dogeTV.debug.xcconfig */ = {isa = PBXFileReference; includeInIndex = 1; lastKnownFileType = text.xcconfig; name = "Pods-dogeTV.debug.xcconfig"; path = "Target Support Files/Pods-dogeTV/Pods-dogeTV.debug.xcconfig"; sourceTree = "<group>"; };
		79115815226995FB0034E551 /* AVKit.framework */ = {isa = PBXFileReference; lastKnownFileType = wrapper.framework; name = AVKit.framework; path = System/Library/Frameworks/AVKit.framework; sourceTree = SDKROOT; };
		7916EF112266BA1400FB6721 /* SearchViewController.swift */ = {isa = PBXFileReference; lastKnownFileType = sourcecode.swift; path = SearchViewController.swift; sourceTree = "<group>"; };
		7916EF122266BA1400FB6721 /* SearchViewController.xib */ = {isa = PBXFileReference; lastKnownFileType = file.xib; path = SearchViewController.xib; sourceTree = "<group>"; };
		7916EF152266C0EF00FB6721 /* ChannelCardView.swift */ = {isa = PBXFileReference; lastKnownFileType = sourcecode.swift; path = ChannelCardView.swift; sourceTree = "<group>"; };
		7916EF162266C0EF00FB6721 /* ChannelCardView.xib */ = {isa = PBXFileReference; lastKnownFileType = file.xib; path = ChannelCardView.xib; sourceTree = "<group>"; };
		7916EF192266C1AD00FB6721 /* ChannelGridViewController.swift */ = {isa = PBXFileReference; lastKnownFileType = sourcecode.swift; path = ChannelGridViewController.swift; sourceTree = "<group>"; };
		7916EF1A2266C1AD00FB6721 /* ChannelGridViewController.xib */ = {isa = PBXFileReference; lastKnownFileType = file.xib; path = ChannelGridViewController.xib; sourceTree = "<group>"; };
		7916EF1D2266EF3600FB6721 /* NSColorExtension.swift */ = {isa = PBXFileReference; lastKnownFileType = sourcecode.swift; path = NSColorExtension.swift; sourceTree = "<group>"; };
		7916EF1F2267012000FB6721 /* QueryOptionsView.swift */ = {isa = PBXFileReference; lastKnownFileType = sourcecode.swift; path = QueryOptionsView.swift; sourceTree = "<group>"; };
		7916EF23226704AB00FB6721 /* NSViewExtension.swift */ = {isa = PBXFileReference; lastKnownFileType = sourcecode.swift; path = NSViewExtension.swift; sourceTree = "<group>"; };
		7939584122674F90001FE58A /* SearchBarView.swift */ = {isa = PBXFileReference; lastKnownFileType = sourcecode.swift; path = SearchBarView.swift; sourceTree = "<group>"; };
		7939584322675F06001FE58A /* NSViewControllerExtension.swift */ = {isa = PBXFileReference; lastKnownFileType = sourcecode.swift; path = NSViewControllerExtension.swift; sourceTree = "<group>"; };
		79395845226764D8001FE58A /* LivePlayerViewController.swift */ = {isa = PBXFileReference; lastKnownFileType = sourcecode.swift; path = LivePlayerViewController.swift; sourceTree = "<group>"; };
		79395846226764D8001FE58A /* LivePlayerViewController.xib */ = {isa = PBXFileReference; lastKnownFileType = file.xib; path = LivePlayerViewController.xib; sourceTree = "<group>"; };
		793AF1352277E3310030CE7F /* IPTV.swift */ = {isa = PBXFileReference; lastKnownFileType = sourcecode.swift; path = IPTV.swift; sourceTree = "<group>"; };
		794A8000226D5F0700941333 /* NSImageExtension.swift */ = {isa = PBXFileReference; lastKnownFileType = sourcecode.swift; path = NSImageExtension.swift; sourceTree = "<group>"; };
		79614BBE226FE85B00F0E738 /* GitHubUpdates.framework */ = {isa = PBXFileReference; lastKnownFileType = wrapper.framework; name = GitHubUpdates.framework; path = ../../../dogeTV/Frameworks/GitHubUpdates.framework; sourceTree = "<group>"; };
		796C84492276E07000EC8FCF /* QueryOptionsKeyView.swift */ = {isa = PBXFileReference; lastKnownFileType = sourcecode.swift; path = QueryOptionsKeyView.swift; sourceTree = "<group>"; };
		796C844B2276E08100EC8FCF /* QueryOptionsKeyView.xib */ = {isa = PBXFileReference; lastKnownFileType = file.xib; path = QueryOptionsKeyView.xib; sourceTree = "<group>"; };
		7980B968227531AC00DD8336 /* ParseViewController.swift */ = {isa = PBXFileReference; lastKnownFileType = sourcecode.swift; path = ParseViewController.swift; sourceTree = "<group>"; };
		7980B969227531AC00DD8336 /* ParseViewController.xib */ = {isa = PBXFileReference; lastKnownFileType = file.xib; path = ParseViewController.xib; sourceTree = "<group>"; };
		79820F65226FF70600ADA103 /* GitHubUpdates.framework */ = {isa = PBXFileReference; lastKnownFileType = wrapper.framework; path = GitHubUpdates.framework; sourceTree = "<group>"; };
		79820F732270093300ADA103 /* MainWindowController.swift */ = {isa = PBXFileReference; lastKnownFileType = sourcecode.swift; path = MainWindowController.swift; sourceTree = "<group>"; };
		79820F752270097000ADA103 /* NSApplicationExtension.swift */ = {isa = PBXFileReference; lastKnownFileType = sourcecode.swift; path = NSApplicationExtension.swift; sourceTree = "<group>"; };
		7988F6B722689824002B5B9D /* AspectFitImageView.swift */ = {isa = PBXFileReference; lastKnownFileType = sourcecode.swift; path = AspectFitImageView.swift; sourceTree = "<group>"; };
		798E5B90227D568C005C6AA5 /* ScrollingTextView.swift */ = {isa = PBXFileReference; lastKnownFileType = sourcecode.swift; path = ScrollingTextView.swift; sourceTree = "<group>"; };
		799B96022264AB54002C8FFA /* GridSectionHeader.swift */ = {isa = PBXFileReference; lastKnownFileType = sourcecode.swift; path = GridSectionHeader.swift; sourceTree = "<group>"; };
		799B96042264AB61002C8FFA /* GridSectionHeader.xib */ = {isa = PBXFileReference; lastKnownFileType = file.xib; path = GridSectionHeader.xib; sourceTree = "<group>"; };
		799B96062264AD8A002C8FFA /* LatestGridViewController.xib */ = {isa = PBXFileReference; lastKnownFileType = file.xib; path = LatestGridViewController.xib; sourceTree = "<group>"; };
		799B960B2264AF61002C8FFA /* ENV.swift */ = {isa = PBXFileReference; fileEncoding = 4; lastKnownFileType = sourcecode.swift; path = ENV.swift; sourceTree = "<group>"; };
		799B96112264AF78002C8FFA /* Helpers.swift */ = {isa = PBXFileReference; fileEncoding = 4; lastKnownFileType = sourcecode.swift; path = Helpers.swift; sourceTree = "<group>"; };
		799B96142264AF7E002C8FFA /* Hot.swift */ = {isa = PBXFileReference; fileEncoding = 4; lastKnownFileType = sourcecode.swift; path = Hot.swift; sourceTree = "<group>"; };
		799B96152264AF7E002C8FFA /* CloudParse.swift */ = {isa = PBXFileReference; fileEncoding = 4; lastKnownFileType = sourcecode.swift; path = CloudParse.swift; sourceTree = "<group>"; };
		799B96172264AF7E002C8FFA /* Episode.swift */ = {isa = PBXFileReference; fileEncoding = 4; lastKnownFileType = sourcecode.swift; path = Episode.swift; sourceTree = "<group>"; };
		799B96182264AF7E002C8FFA /* Response.swift */ = {isa = PBXFileReference; fileEncoding = 4; lastKnownFileType = sourcecode.swift; path = Response.swift; sourceTree = "<group>"; };
		799B96192264AF7E002C8FFA /* OptionSet.swift */ = {isa = PBXFileReference; fileEncoding = 4; lastKnownFileType = sourcecode.swift; path = OptionSet.swift; sourceTree = "<group>"; };
		799B961A2264AF7E002C8FFA /* Ranking.swift */ = {isa = PBXFileReference; fileEncoding = 4; lastKnownFileType = sourcecode.swift; path = Ranking.swift; sourceTree = "<group>"; };
		799B961B2264AF7E002C8FFA /* Video.swift */ = {isa = PBXFileReference; fileEncoding = 4; lastKnownFileType = sourcecode.swift; path = Video.swift; sourceTree = "<group>"; };
		799B961C2264AF7E002C8FFA /* Topic.swift */ = {isa = PBXFileReference; fileEncoding = 4; lastKnownFileType = sourcecode.swift; path = Topic.swift; sourceTree = "<group>"; };
		799B961E2264AF7F002C8FFA /* APIClient.swift */ = {isa = PBXFileReference; fileEncoding = 4; lastKnownFileType = sourcecode.swift; path = APIClient.swift; sourceTree = "<group>"; };
		799B961F2264AF7F002C8FFA /* Router.swift */ = {isa = PBXFileReference; fileEncoding = 4; lastKnownFileType = sourcecode.swift; path = Router.swift; sourceTree = "<group>"; };
		799B962C2264B080002C8FFA /* StringExtension.swift */ = {isa = PBXFileReference; lastKnownFileType = sourcecode.swift; path = StringExtension.swift; sourceTree = "<group>"; };
		799B962E2264B357002C8FFA /* NSImageViewExtension.swift */ = {isa = PBXFileReference; lastKnownFileType = sourcecode.swift; path = NSImageViewExtension.swift; sourceTree = "<group>"; };
		799FED7622655A8800BD5900 /* VideoGridViewController.swift */ = {isa = PBXFileReference; lastKnownFileType = sourcecode.swift; path = VideoGridViewController.swift; sourceTree = "<group>"; };
		799FED7722655A8800BD5900 /* VideoGridViewController.xib */ = {isa = PBXFileReference; lastKnownFileType = file.xib; path = VideoGridViewController.xib; sourceTree = "<group>"; };
		799FED7A2265685200BD5900 /* PPButton.swift */ = {isa = PBXFileReference; lastKnownFileType = sourcecode.swift; path = PPButton.swift; sourceTree = "<group>"; };
		79A219D7226C5B2500D9581B /* CollectionViewLeftFlowLayout.swift */ = {isa = PBXFileReference; lastKnownFileType = sourcecode.swift; path = CollectionViewLeftFlowLayout.swift; sourceTree = "<group>"; };
		79B7AD04226AADE600600282 /* UserViewController.swift */ = {isa = PBXFileReference; lastKnownFileType = sourcecode.swift; path = UserViewController.swift; sourceTree = "<group>"; };
		79B7AD05226AADE600600282 /* UserViewController.xib */ = {isa = PBXFileReference; lastKnownFileType = file.xib; path = UserViewController.xib; sourceTree = "<group>"; };
		79B7AD08226AB63C00600282 /* HistoryCardView.swift */ = {isa = PBXFileReference; lastKnownFileType = sourcecode.swift; path = HistoryCardView.swift; sourceTree = "<group>"; };
		79B7AD09226AB63C00600282 /* HistoryCardView.xib */ = {isa = PBXFileReference; lastKnownFileType = file.xib; path = HistoryCardView.xib; sourceTree = "<group>"; };
		79B7AD0C226AD36700600282 /* EmptyView.swift */ = {isa = PBXFileReference; lastKnownFileType = sourcecode.swift; path = EmptyView.swift; sourceTree = "<group>"; };
		79B7AD0E226AD37000600282 /* EmptyView.xib */ = {isa = PBXFileReference; lastKnownFileType = file.xib; path = EmptyView.xib; sourceTree = "<group>"; };
		79B7AD14226AE38000600282 /* AboutWindow.storyboard */ = {isa = PBXFileReference; lastKnownFileType = file.storyboard; path = AboutWindow.storyboard; sourceTree = "<group>"; };
		79B7AD16226AE39F00600282 /* AboutWindowController.swift */ = {isa = PBXFileReference; lastKnownFileType = sourcecode.swift; path = AboutWindowController.swift; sourceTree = "<group>"; };
		79B7AD18226AE3BB00600282 /* AboutViewController.swift */ = {isa = PBXFileReference; lastKnownFileType = sourcecode.swift; path = AboutViewController.swift; sourceTree = "<group>"; };
		79C9EEAF2269F905007B6B35 /* Repository.swift */ = {isa = PBXFileReference; lastKnownFileType = sourcecode.swift; path = Repository.swift; sourceTree = "<group>"; };
		79D927A222657854009C446E /* QueryOptionView.swift */ = {isa = PBXFileReference; lastKnownFileType = sourcecode.swift; path = QueryOptionView.swift; sourceTree = "<group>"; };
		79D927A322657854009C446E /* QueryOptionView.xib */ = {isa = PBXFileReference; lastKnownFileType = file.xib; path = QueryOptionView.xib; sourceTree = "<group>"; };
		79D927A62265931A009C446E /* NSButtonExtension.swift */ = {isa = PBXFileReference; lastKnownFileType = sourcecode.swift; path = NSButtonExtension.swift; sourceTree = "<group>"; };
		79D927AD22659890009C446E /* AppWindowController.swift */ = {isa = PBXFileReference; lastKnownFileType = sourcecode.swift; path = AppWindowController.swift; sourceTree = "<group>"; };
		79D927AE22659890009C446E /* AppWindowController.xib */ = {isa = PBXFileReference; lastKnownFileType = file.xib; path = AppWindowController.xib; sourceTree = "<group>"; };
		79D927B1226598AD009C446E /* PlayerViewController.swift */ = {isa = PBXFileReference; lastKnownFileType = sourcecode.swift; path = PlayerViewController.swift; sourceTree = "<group>"; };
		79D927B2226598AD009C446E /* PlayerViewController.xib */ = {isa = PBXFileReference; lastKnownFileType = file.xib; path = PlayerViewController.xib; sourceTree = "<group>"; };
		79D927B52265A73B009C446E /* EpisodeItemView.swift */ = {isa = PBXFileReference; lastKnownFileType = sourcecode.swift; path = EpisodeItemView.swift; sourceTree = "<group>"; };
		79D927B62265A73B009C446E /* EpisodeItemView.xib */ = {isa = PBXFileReference; lastKnownFileType = file.xib; path = EpisodeItemView.xib; sourceTree = "<group>"; };
		79D927B92265B97F009C446E /* VideoIntroView.swift */ = {isa = PBXFileReference; lastKnownFileType = sourcecode.swift; path = VideoIntroView.swift; sourceTree = "<group>"; };
		79D927BA2265B97F009C446E /* VideoIntroView.xib */ = {isa = PBXFileReference; lastKnownFileType = file.xib; path = VideoIntroView.xib; sourceTree = "<group>"; };
		79E091032268013000219C87 /* ContainerView.swift */ = {isa = PBXFileReference; lastKnownFileType = sourcecode.swift; path = ContainerView.swift; sourceTree = "<group>"; };
		79E09105226835B000219C87 /* TopRatedViewController.swift */ = {isa = PBXFileReference; lastKnownFileType = sourcecode.swift; path = TopRatedViewController.swift; sourceTree = "<group>"; };
		79E09106226835B000219C87 /* TopRatedViewController.xib */ = {isa = PBXFileReference; lastKnownFileType = file.xib; path = TopRatedViewController.xib; sourceTree = "<group>"; };
		79E091112268474900219C87 /* SearchBarView.xib */ = {isa = PBXFileReference; lastKnownFileType = file.xib; path = SearchBarView.xib; sourceTree = "<group>"; };
		79E0911722686AB200219C87 /* TopicsViewController.swift */ = {isa = PBXFileReference; lastKnownFileType = sourcecode.swift; path = TopicsViewController.swift; sourceTree = "<group>"; };
		79E0911822686AB200219C87 /* TopicsViewController.xib */ = {isa = PBXFileReference; lastKnownFileType = file.xib; path = TopicsViewController.xib; sourceTree = "<group>"; };
		79E0911B226873A000219C87 /* DisablableScrollView.swift */ = {isa = PBXFileReference; lastKnownFileType = sourcecode.swift; path = DisablableScrollView.swift; sourceTree = "<group>"; };
		79EAB4A3227AD46300C85EAD /* PlayStatusView.swift */ = {isa = PBXFileReference; lastKnownFileType = sourcecode.swift; path = PlayStatusView.swift; sourceTree = "<group>"; };
		79EAB4A5227AD46F00C85EAD /* PlayStatusView.xib */ = {isa = PBXFileReference; lastKnownFileType = file.xib; path = PlayStatusView.xib; sourceTree = "<group>"; };
		79EAB4A9227AF31500C85EAD /* GradientView.swift */ = {isa = PBXFileReference; lastKnownFileType = sourcecode.swift; path = GradientView.swift; sourceTree = "<group>"; };
		79F0413C2275591D0005B006 /* WebKit.framework */ = {isa = PBXFileReference; lastKnownFileType = wrapper.framework; name = WebKit.framework; path = System/Library/Frameworks/WebKit.framework; sourceTree = SDKROOT; };
		79F04142227587A80005B006 /* Menu.swift */ = {isa = PBXFileReference; lastKnownFileType = sourcecode.swift; path = Menu.swift; sourceTree = "<group>"; };
		79FD5BF322647AC3009EDB9C /* dogeTV.app */ = {isa = PBXFileReference; explicitFileType = wrapper.application; includeInIndex = 0; path = dogeTV.app; sourceTree = BUILT_PRODUCTS_DIR; };
		79FD5BF622647AC3009EDB9C /* AppDelegate.swift */ = {isa = PBXFileReference; lastKnownFileType = sourcecode.swift; path = AppDelegate.swift; sourceTree = "<group>"; };
		79FD5BF822647AC3009EDB9C /* RootViewController.swift */ = {isa = PBXFileReference; lastKnownFileType = sourcecode.swift; path = RootViewController.swift; sourceTree = "<group>"; };
		79FD5BFA22647AC4009EDB9C /* Assets.xcassets */ = {isa = PBXFileReference; lastKnownFileType = folder.assetcatalog; path = Assets.xcassets; sourceTree = "<group>"; };
		79FD5BFD22647AC4009EDB9C /* Base */ = {isa = PBXFileReference; lastKnownFileType = file.storyboard; name = Base; path = Base.lproj/Main.storyboard; sourceTree = "<group>"; };
		79FD5BFF22647AC4009EDB9C /* Info.plist */ = {isa = PBXFileReference; lastKnownFileType = text.plist.xml; path = Info.plist; sourceTree = "<group>"; };
		79FD5C0022647AC4009EDB9C /* dogeTV.entitlements */ = {isa = PBXFileReference; lastKnownFileType = text.plist.entitlements; path = dogeTV.entitlements; sourceTree = "<group>"; };
		79FD5C0622648353009EDB9C /* LatestGridViewController.swift */ = {isa = PBXFileReference; lastKnownFileType = sourcecode.swift; path = LatestGridViewController.swift; sourceTree = "<group>"; };
		79FD5C0C22648A27009EDB9C /* VideoCardView.swift */ = {isa = PBXFileReference; lastKnownFileType = sourcecode.swift; path = VideoCardView.swift; sourceTree = "<group>"; };
		79FD5C0D22648A27009EDB9C /* VideoCardView.xib */ = {isa = PBXFileReference; lastKnownFileType = file.xib; path = VideoCardView.xib; sourceTree = "<group>"; };
		F26910516B8FE6E0B0C9D258 /* Pods_dogeTV.framework */ = {isa = PBXFileReference; explicitFileType = wrapper.framework; includeInIndex = 0; path = Pods_dogeTV.framework; sourceTree = BUILT_PRODUCTS_DIR; };
		F418D3F66A0802301579C722 /* Pods-dogeTV.release.xcconfig */ = {isa = PBXFileReference; includeInIndex = 1; lastKnownFileType = text.xcconfig; name = "Pods-dogeTV.release.xcconfig"; path = "Target Support Files/Pods-dogeTV/Pods-dogeTV.release.xcconfig"; sourceTree = "<group>"; };
/* End PBXFileReference section */

/* Begin PBXFrameworksBuildPhase section */
		79FD5BF022647AC3009EDB9C /* Frameworks */ = {
			isa = PBXFrameworksBuildPhase;
			buildActionMask = 2147483647;
			files = (
				79F0413D2275591D0005B006 /* WebKit.framework in Frameworks */,
				79820F70226FF7FC00ADA103 /* GitHubUpdates.framework in Frameworks */,
				79115816226995FC0034E551 /* AVKit.framework in Frameworks */,
				59DBAE656258FC0986932945 /* Pods_dogeTV.framework in Frameworks */,
			);
			runOnlyForDeploymentPostprocessing = 0;
		};
/* End PBXFrameworksBuildPhase section */

/* Begin PBXGroup section */
		79820F64226FF68800ADA103 /* Frameworks */ = {
			isa = PBXGroup;
			children = (
				79820F65226FF70600ADA103 /* GitHubUpdates.framework */,
			);
			path = Frameworks;
			sourceTree = "<group>";
		};
		799B96082264AE4A002C8FFA /* Controllers */ = {
			isa = PBXGroup;
			children = (
				79FD5BF822647AC3009EDB9C /* RootViewController.swift */,
				79FD5C0622648353009EDB9C /* LatestGridViewController.swift */,
				799B96062264AD8A002C8FFA /* LatestGridViewController.xib */,
				799FED7622655A8800BD5900 /* VideoGridViewController.swift */,
				799FED7722655A8800BD5900 /* VideoGridViewController.xib */,
				79D927B1226598AD009C446E /* PlayerViewController.swift */,
				79D927B2226598AD009C446E /* PlayerViewController.xib */,
				7916EF112266BA1400FB6721 /* SearchViewController.swift */,
				7916EF122266BA1400FB6721 /* SearchViewController.xib */,
				7916EF192266C1AD00FB6721 /* ChannelGridViewController.swift */,
				7916EF1A2266C1AD00FB6721 /* ChannelGridViewController.xib */,
				79395845226764D8001FE58A /* LivePlayerViewController.swift */,
				79395846226764D8001FE58A /* LivePlayerViewController.xib */,
				79E09105226835B000219C87 /* TopRatedViewController.swift */,
				79E09106226835B000219C87 /* TopRatedViewController.xib */,
				79E0911722686AB200219C87 /* TopicsViewController.swift */,
				79E0911822686AB200219C87 /* TopicsViewController.xib */,
				79B7AD04226AADE600600282 /* UserViewController.swift */,
				79B7AD05226AADE600600282 /* UserViewController.xib */,
				7980B968227531AC00DD8336 /* ParseViewController.swift */,
				7980B969227531AC00DD8336 /* ParseViewController.xib */,
			);
			path = Controllers;
			sourceTree = "<group>";
		};
		799B96092264AE53002C8FFA /* Components */ = {
			isa = PBXGroup;
			children = (
				79FD5C0C22648A27009EDB9C /* VideoCardView.swift */,
				79FD5C0D22648A27009EDB9C /* VideoCardView.xib */,
				799B96022264AB54002C8FFA /* GridSectionHeader.swift */,
				799B96042264AB61002C8FFA /* GridSectionHeader.xib */,
				799FED7A2265685200BD5900 /* PPButton.swift */,
				79D927A222657854009C446E /* QueryOptionView.swift */,
				79D927A322657854009C446E /* QueryOptionView.xib */,
				79D927B52265A73B009C446E /* EpisodeItemView.swift */,
				79D927B62265A73B009C446E /* EpisodeItemView.xib */,
				79D927B92265B97F009C446E /* VideoIntroView.swift */,
				79D927BA2265B97F009C446E /* VideoIntroView.xib */,
				7916EF152266C0EF00FB6721 /* ChannelCardView.swift */,
				7916EF162266C0EF00FB6721 /* ChannelCardView.xib */,
				7916EF1F2267012000FB6721 /* QueryOptionsView.swift */,
				79E091032268013000219C87 /* ContainerView.swift */,
				7939584122674F90001FE58A /* SearchBarView.swift */,
				79E091112268474900219C87 /* SearchBarView.xib */,
				79E0911B226873A000219C87 /* DisablableScrollView.swift */,
				7988F6B722689824002B5B9D /* AspectFitImageView.swift */,
				79B7AD08226AB63C00600282 /* HistoryCardView.swift */,
				79B7AD09226AB63C00600282 /* HistoryCardView.xib */,
				79B7AD0C226AD36700600282 /* EmptyView.swift */,
				79B7AD0E226AD37000600282 /* EmptyView.xib */,
				79A219D7226C5B2500D9581B /* CollectionViewLeftFlowLayout.swift */,
				796C84492276E07000EC8FCF /* QueryOptionsKeyView.swift */,
				796C844B2276E08100EC8FCF /* QueryOptionsKeyView.xib */,
				79EAB4A3227AD46300C85EAD /* PlayStatusView.swift */,
				79EAB4A5227AD46F00C85EAD /* PlayStatusView.xib */,
				79EAB4A9227AF31500C85EAD /* GradientView.swift */,
				798E5B90227D568C005C6AA5 /* ScrollingTextView.swift */,
			);
			path = Components;
			sourceTree = "<group>";
		};
		799B960A2264AF61002C8FFA /* ENV */ = {
			isa = PBXGroup;
			children = (
				799B960B2264AF61002C8FFA /* ENV.swift */,
			);
			path = ENV;
			sourceTree = "<group>";
		};
		799B96102264AF78002C8FFA /* Helpers */ = {
			isa = PBXGroup;
			children = (
				799B96112264AF78002C8FFA /* Helpers.swift */,
			);
			path = Helpers;
			sourceTree = "<group>";
		};
		799B96132264AF7E002C8FFA /* Models */ = {
			isa = PBXGroup;
			children = (
				799B96142264AF7E002C8FFA /* Hot.swift */,
				799B96152264AF7E002C8FFA /* CloudParse.swift */,
				799B96172264AF7E002C8FFA /* Episode.swift */,
				799B96182264AF7E002C8FFA /* Response.swift */,
				799B96192264AF7E002C8FFA /* OptionSet.swift */,
				799B961A2264AF7E002C8FFA /* Ranking.swift */,
				799B961B2264AF7E002C8FFA /* Video.swift */,
				799B961C2264AF7E002C8FFA /* Topic.swift */,
				79F04142227587A80005B006 /* Menu.swift */,
				793AF1352277E3310030CE7F /* IPTV.swift */,
			);
			path = Models;
			sourceTree = "<group>";
		};
		799B961D2264AF7F002C8FFA /* Network */ = {
			isa = PBXGroup;
			children = (
				799B961E2264AF7F002C8FFA /* APIClient.swift */,
				799B961F2264AF7F002C8FFA /* Router.swift */,
			);
			path = Network;
			sourceTree = "<group>";
		};
		799B962B2264B076002C8FFA /* Extension */ = {
			isa = PBXGroup;
			children = (
				799B962C2264B080002C8FFA /* StringExtension.swift */,
				799B962E2264B357002C8FFA /* NSImageViewExtension.swift */,
				79D927A62265931A009C446E /* NSButtonExtension.swift */,
				7916EF1D2266EF3600FB6721 /* NSColorExtension.swift */,
				7916EF23226704AB00FB6721 /* NSViewExtension.swift */,
				7939584322675F06001FE58A /* NSViewControllerExtension.swift */,
				794A8000226D5F0700941333 /* NSImageExtension.swift */,
				79820F752270097000ADA103 /* NSApplicationExtension.swift */,
			);
			path = Extension;
			sourceTree = "<group>";
		};
		79C9EEAE2269F7D7007B6B35 /* Repository */ = {
			isa = PBXGroup;
			children = (
				79C9EEAF2269F905007B6B35 /* Repository.swift */,
			);
			path = Repository;
			sourceTree = "<group>";
		};
		79D927A8226597F5009C446E /* Window */ = {
			isa = PBXGroup;
			children = (
				79820F732270093300ADA103 /* MainWindowController.swift */,
				79D927AD22659890009C446E /* AppWindowController.swift */,
				79D927AE22659890009C446E /* AppWindowController.xib */,
				79B7AD14226AE38000600282 /* AboutWindow.storyboard */,
				79B7AD16226AE39F00600282 /* AboutWindowController.swift */,
				79B7AD18226AE3BB00600282 /* AboutViewController.swift */,
			);
			path = Window;
			sourceTree = "<group>";
		};
		79FD5BEA22647AC3009EDB9C = {
			isa = PBXGroup;
			children = (
				79FD5BF522647AC3009EDB9C /* dogeTV */,
				79FD5BF422647AC3009EDB9C /* Products */,
				FFA148131426C1C531A20EFC /* Pods */,
				E0CC786C672A53CA64E3B4E2 /* Frameworks */,
			);
			sourceTree = "<group>";
		};
		79FD5BF422647AC3009EDB9C /* Products */ = {
			isa = PBXGroup;
			children = (
				79FD5BF322647AC3009EDB9C /* dogeTV.app */,
			);
			name = Products;
			sourceTree = "<group>";
		};
		79FD5BF522647AC3009EDB9C /* dogeTV */ = {
			isa = PBXGroup;
			children = (
				79820F64226FF68800ADA103 /* Frameworks */,
				79C9EEAE2269F7D7007B6B35 /* Repository */,
				79D927A8226597F5009C446E /* Window */,
				799B962B2264B076002C8FFA /* Extension */,
				799B96132264AF7E002C8FFA /* Models */,
				799B961D2264AF7F002C8FFA /* Network */,
				799B96102264AF78002C8FFA /* Helpers */,
				799B960A2264AF61002C8FFA /* ENV */,
				799B96092264AE53002C8FFA /* Components */,
				799B96082264AE4A002C8FFA /* Controllers */,
				79FD5BF622647AC3009EDB9C /* AppDelegate.swift */,
				79FD5BFA22647AC4009EDB9C /* Assets.xcassets */,
				79FD5BFC22647AC4009EDB9C /* Main.storyboard */,
				79FD5BFF22647AC4009EDB9C /* Info.plist */,
				79FD5C0022647AC4009EDB9C /* dogeTV.entitlements */,
			);
			path = dogeTV;
			sourceTree = "<group>";
		};
		E0CC786C672A53CA64E3B4E2 /* Frameworks */ = {
			isa = PBXGroup;
			children = (
				79F0413C2275591D0005B006 /* WebKit.framework */,
				79614BBE226FE85B00F0E738 /* GitHubUpdates.framework */,
				79115815226995FB0034E551 /* AVKit.framework */,
				F26910516B8FE6E0B0C9D258 /* Pods_dogeTV.framework */,
			);
			name = Frameworks;
			sourceTree = "<group>";
		};
		FFA148131426C1C531A20EFC /* Pods */ = {
			isa = PBXGroup;
			children = (
				0762FFF90A53923C70174323 /* Pods-dogeTV.debug.xcconfig */,
				F418D3F66A0802301579C722 /* Pods-dogeTV.release.xcconfig */,
			);
			path = Pods;
			sourceTree = "<group>";
		};
/* End PBXGroup section */

/* Begin PBXNativeTarget section */
		79FD5BF222647AC3009EDB9C /* dogeTV */ = {
			isa = PBXNativeTarget;
			buildConfigurationList = 79FD5C0322647AC4009EDB9C /* Build configuration list for PBXNativeTarget "dogeTV" */;
			buildPhases = (
				7C11BF48DDB1849C9CA5952A /* [CP] Check Pods Manifest.lock */,
				79FD5BEF22647AC3009EDB9C /* Sources */,
				79FD5BF022647AC3009EDB9C /* Frameworks */,
				79FD5BF122647AC3009EDB9C /* Resources */,
				21629770B55EFCE27BCCA014 /* [CP] Embed Pods Frameworks */,
				79820F72226FF7FD00ADA103 /* Embed Frameworks */,
			);
			buildRules = (
			);
			dependencies = (
			);
			name = dogeTV;
			productName = dogeTV;
			productReference = 79FD5BF322647AC3009EDB9C /* dogeTV.app */;
			productType = "com.apple.product-type.application";
		};
/* End PBXNativeTarget section */

/* Begin PBXProject section */
		79FD5BEB22647AC3009EDB9C /* Project object */ = {
			isa = PBXProject;
			attributes = {
				LastSwiftUpdateCheck = 1020;
				LastUpgradeCheck = 1020;
				ORGANIZATIONNAME = "Popeye Lau";
				TargetAttributes = {
					79FD5BF222647AC3009EDB9C = {
						CreatedOnToolsVersion = 10.2;
						SystemCapabilities = {
							com.apple.ApplicationGroups.Mac = {
								enabled = 0;
							};
							com.apple.Sandbox = {
								enabled = 0;
							};
						};
					};
				};
			};
			buildConfigurationList = 79FD5BEE22647AC3009EDB9C /* Build configuration list for PBXProject "dogeTV" */;
			compatibilityVersion = "Xcode 9.3";
			developmentRegion = en;
			hasScannedForEncodings = 0;
			knownRegions = (
				en,
				Base,
			);
			mainGroup = 79FD5BEA22647AC3009EDB9C;
			productRefGroup = 79FD5BF422647AC3009EDB9C /* Products */;
			projectDirPath = "";
			projectRoot = "";
			targets = (
				79FD5BF222647AC3009EDB9C /* dogeTV */,
			);
		};
/* End PBXProject section */

/* Begin PBXResourcesBuildPhase section */
		79FD5BF122647AC3009EDB9C /* Resources */ = {
			isa = PBXResourcesBuildPhase;
			buildActionMask = 2147483647;
			files = (
				79FD5C0F22648A27009EDB9C /* VideoCardView.xib in Resources */,
				79EAB4A6227AD46F00C85EAD /* PlayStatusView.xib in Resources */,
				7916EF182266C0EF00FB6721 /* ChannelCardView.xib in Resources */,
				79FD5BFB22647AC4009EDB9C /* Assets.xcassets in Resources */,
				7916EF142266BA1400FB6721 /* SearchViewController.xib in Resources */,
				7916EF1C2266C1AD00FB6721 /* ChannelGridViewController.xib in Resources */,
				79D927B4226598AD009C446E /* PlayerViewController.xib in Resources */,
				79B7AD07226AADE600600282 /* UserViewController.xib in Resources */,
				7980B96B227531AC00DD8336 /* ParseViewController.xib in Resources */,
				799FED7922655A8800BD5900 /* VideoGridViewController.xib in Resources */,
				79D927A522657854009C446E /* QueryOptionView.xib in Resources */,
				79D927B022659890009C446E /* AppWindowController.xib in Resources */,
				79B7AD0F226AD37000600282 /* EmptyView.xib in Resources */,
				799B96052264AB61002C8FFA /* GridSectionHeader.xib in Resources */,
				79E0911A22686AB200219C87 /* TopicsViewController.xib in Resources */,
				796C844C2276E08100EC8FCF /* QueryOptionsKeyView.xib in Resources */,
				79FD5BFE22647AC4009EDB9C /* Main.storyboard in Resources */,
				799B96072264AD8A002C8FFA /* LatestGridViewController.xib in Resources */,
				79E091122268474900219C87 /* SearchBarView.xib in Resources */,
				79B7AD0B226AB63C00600282 /* HistoryCardView.xib in Resources */,
				79395848226764D8001FE58A /* LivePlayerViewController.xib in Resources */,
				79B7AD15226AE38000600282 /* AboutWindow.storyboard in Resources */,
				79E09108226835B000219C87 /* TopRatedViewController.xib in Resources */,
				79D927BC2265B97F009C446E /* VideoIntroView.xib in Resources */,
				79D927B82265A73B009C446E /* EpisodeItemView.xib in Resources */,
			);
			runOnlyForDeploymentPostprocessing = 0;
		};
/* End PBXResourcesBuildPhase section */

/* Begin PBXShellScriptBuildPhase section */
		21629770B55EFCE27BCCA014 /* [CP] Embed Pods Frameworks */ = {
			isa = PBXShellScriptBuildPhase;
			buildActionMask = 2147483647;
			files = (
			);
			inputFileListPaths = (
				"${PODS_ROOT}/Target Support Files/Pods-dogeTV/Pods-dogeTV-frameworks-${CONFIGURATION}-input-files.xcfilelist",
			);
			name = "[CP] Embed Pods Frameworks";
			outputFileListPaths = (
				"${PODS_ROOT}/Target Support Files/Pods-dogeTV/Pods-dogeTV-frameworks-${CONFIGURATION}-output-files.xcfilelist",
			);
			runOnlyForDeploymentPostprocessing = 0;
			shellPath = /bin/sh;
			shellScript = "\"${PODS_ROOT}/Target Support Files/Pods-dogeTV/Pods-dogeTV-frameworks.sh\"\n";
			showEnvVarsInLog = 0;
		};
		7C11BF48DDB1849C9CA5952A /* [CP] Check Pods Manifest.lock */ = {
			isa = PBXShellScriptBuildPhase;
			buildActionMask = 2147483647;
			files = (
			);
			inputFileListPaths = (
			);
			inputPaths = (
				"${PODS_PODFILE_DIR_PATH}/Podfile.lock",
				"${PODS_ROOT}/Manifest.lock",
			);
			name = "[CP] Check Pods Manifest.lock";
			outputFileListPaths = (
			);
			outputPaths = (
				"$(DERIVED_FILE_DIR)/Pods-dogeTV-checkManifestLockResult.txt",
			);
			runOnlyForDeploymentPostprocessing = 0;
			shellPath = /bin/sh;
			shellScript = "diff \"${PODS_PODFILE_DIR_PATH}/Podfile.lock\" \"${PODS_ROOT}/Manifest.lock\" > /dev/null\nif [ $? != 0 ] ; then\n    # print error to STDERR\n    echo \"error: The sandbox is not in sync with the Podfile.lock. Run 'pod install' or update your CocoaPods installation.\" >&2\n    exit 1\nfi\n# This output is used by Xcode 'outputs' to avoid re-running this script phase.\necho \"SUCCESS\" > \"${SCRIPT_OUTPUT_FILE_0}\"\n";
			showEnvVarsInLog = 0;
		};
/* End PBXShellScriptBuildPhase section */

/* Begin PBXSourcesBuildPhase section */
		79FD5BEF22647AC3009EDB9C /* Sources */ = {
			isa = PBXSourcesBuildPhase;
			buildActionMask = 2147483647;
			files = (
				799B96232264AF7F002C8FFA /* Episode.swift in Sources */,
				799B96032264AB54002C8FFA /* GridSectionHeader.swift in Sources */,
				799B96262264AF7F002C8FFA /* Ranking.swift in Sources */,
				79B7AD0D226AD36700600282 /* EmptyView.swift in Sources */,
				79EAB4A4227AD46300C85EAD /* PlayStatusView.swift in Sources */,
				79E0911C226873A000219C87 /* DisablableScrollView.swift in Sources */,
				79F04143227587A80005B006 /* Menu.swift in Sources */,
				79D927A72265931A009C446E /* NSButtonExtension.swift in Sources */,
				793AF1362277E3310030CE7F /* IPTV.swift in Sources */,
				79B7AD17226AE39F00600282 /* AboutWindowController.swift in Sources */,
				799B960E2264AF61002C8FFA /* ENV.swift in Sources */,
				796C844A2276E07000EC8FCF /* QueryOptionsKeyView.swift in Sources */,
				79D927B72265A73B009C446E /* EpisodeItemView.swift in Sources */,
				79C9EEB02269F905007B6B35 /* Repository.swift in Sources */,
				7939584422675F06001FE58A /* NSViewControllerExtension.swift in Sources */,
				799B962A2264AF7F002C8FFA /* Router.swift in Sources */,
				79D927B3226598AD009C446E /* PlayerViewController.swift in Sources */,
				799B96122264AF78002C8FFA /* Helpers.swift in Sources */,
				7939584222674F90001FE58A /* SearchBarView.swift in Sources */,
				799FED7B2265685200BD5900 /* PPButton.swift in Sources */,
				799B96242264AF7F002C8FFA /* Response.swift in Sources */,
				794A8001226D5F0700941333 /* NSImageExtension.swift in Sources */,
				79B7AD0A226AB63C00600282 /* HistoryCardView.swift in Sources */,
				798E5B91227D568C005C6AA5 /* ScrollingTextView.swift in Sources */,
				79D927AF22659890009C446E /* AppWindowController.swift in Sources */,
				79D927BB2265B97F009C446E /* VideoIntroView.swift in Sources */,
				7916EF1E2266EF3600FB6721 /* NSColorExtension.swift in Sources */,
				7988F6B822689824002B5B9D /* AspectFitImageView.swift in Sources */,
				7916EF24226704AB00FB6721 /* NSViewExtension.swift in Sources */,
				79FD5C0722648353009EDB9C /* LatestGridViewController.swift in Sources */,
				79820F742270093300ADA103 /* MainWindowController.swift in Sources */,
				79395847226764D8001FE58A /* LivePlayerViewController.swift in Sources */,
				799B96212264AF7F002C8FFA /* CloudParse.swift in Sources */,
				79E0911922686AB200219C87 /* TopicsViewController.swift in Sources */,
				79B7AD06226AADE600600282 /* UserViewController.swift in Sources */,
				799B96252264AF7F002C8FFA /* OptionSet.swift in Sources */,
				79B7AD19226AE3BB00600282 /* AboutViewController.swift in Sources */,
				79FD5BF922647AC3009EDB9C /* RootViewController.swift in Sources */,
				79A219D8226C5B2500D9581B /* CollectionViewLeftFlowLayout.swift in Sources */,
				79EAB4AA227AF31500C85EAD /* GradientView.swift in Sources */,
				79E09107226835B000219C87 /* TopRatedViewController.swift in Sources */,
				7916EF172266C0EF00FB6721 /* ChannelCardView.swift in Sources */,
				79820F762270097000ADA103 /* NSApplicationExtension.swift in Sources */,
				79FD5C0E22648A27009EDB9C /* VideoCardView.swift in Sources */,
				799B96272264AF7F002C8FFA /* Video.swift in Sources */,
				7980B96A227531AC00DD8336 /* ParseViewController.swift in Sources */,
				79FD5BF722647AC3009EDB9C /* AppDelegate.swift in Sources */,
				799FED7822655A8800BD5900 /* VideoGridViewController.swift in Sources */,
				79D927A422657854009C446E /* QueryOptionView.swift in Sources */,
				799B96202264AF7F002C8FFA /* Hot.swift in Sources */,
				7916EF1B2266C1AD00FB6721 /* ChannelGridViewController.swift in Sources */,
				799B962D2264B080002C8FFA /* StringExtension.swift in Sources */,
				79E091042268013000219C87 /* ContainerView.swift in Sources */,
				799B962F2264B357002C8FFA /* NSImageViewExtension.swift in Sources */,
				799B96282264AF7F002C8FFA /* Topic.swift in Sources */,
				799B96292264AF7F002C8FFA /* APIClient.swift in Sources */,
				7916EF132266BA1400FB6721 /* SearchViewController.swift in Sources */,
				7916EF202267012000FB6721 /* QueryOptionsView.swift in Sources */,
			);
			runOnlyForDeploymentPostprocessing = 0;
		};
/* End PBXSourcesBuildPhase section */

/* Begin PBXVariantGroup section */
		79FD5BFC22647AC4009EDB9C /* Main.storyboard */ = {
			isa = PBXVariantGroup;
			children = (
				79FD5BFD22647AC4009EDB9C /* Base */,
			);
			name = Main.storyboard;
			sourceTree = "<group>";
		};
/* End PBXVariantGroup section */

/* Begin XCBuildConfiguration section */
		79FD5C0122647AC4009EDB9C /* Debug */ = {
			isa = XCBuildConfiguration;
			buildSettings = {
				ALWAYS_SEARCH_USER_PATHS = NO;
				CLANG_ANALYZER_NONNULL = YES;
				CLANG_ANALYZER_NUMBER_OBJECT_CONVERSION = YES_AGGRESSIVE;
				CLANG_CXX_LANGUAGE_STANDARD = "gnu++14";
				CLANG_CXX_LIBRARY = "libc++";
				CLANG_ENABLE_MODULES = YES;
				CLANG_ENABLE_OBJC_ARC = YES;
				CLANG_ENABLE_OBJC_WEAK = YES;
				CLANG_WARN_BLOCK_CAPTURE_AUTORELEASING = YES;
				CLANG_WARN_BOOL_CONVERSION = YES;
				CLANG_WARN_COMMA = YES;
				CLANG_WARN_CONSTANT_CONVERSION = YES;
				CLANG_WARN_DEPRECATED_OBJC_IMPLEMENTATIONS = YES;
				CLANG_WARN_DIRECT_OBJC_ISA_USAGE = YES_ERROR;
				CLANG_WARN_DOCUMENTATION_COMMENTS = YES;
				CLANG_WARN_EMPTY_BODY = YES;
				CLANG_WARN_ENUM_CONVERSION = YES;
				CLANG_WARN_INFINITE_RECURSION = YES;
				CLANG_WARN_INT_CONVERSION = YES;
				CLANG_WARN_NON_LITERAL_NULL_CONVERSION = YES;
				CLANG_WARN_OBJC_IMPLICIT_RETAIN_SELF = YES;
				CLANG_WARN_OBJC_LITERAL_CONVERSION = YES;
				CLANG_WARN_OBJC_ROOT_CLASS = YES_ERROR;
				CLANG_WARN_RANGE_LOOP_ANALYSIS = YES;
				CLANG_WARN_STRICT_PROTOTYPES = YES;
				CLANG_WARN_SUSPICIOUS_MOVE = YES;
				CLANG_WARN_UNGUARDED_AVAILABILITY = YES_AGGRESSIVE;
				CLANG_WARN_UNREACHABLE_CODE = YES;
				CLANG_WARN__DUPLICATE_METHOD_MATCH = YES;
				CODE_SIGN_IDENTITY = "Mac Developer";
				COPY_PHASE_STRIP = NO;
				DEBUG_INFORMATION_FORMAT = dwarf;
				ENABLE_STRICT_OBJC_MSGSEND = YES;
				ENABLE_TESTABILITY = YES;
				GCC_C_LANGUAGE_STANDARD = gnu11;
				GCC_DYNAMIC_NO_PIC = NO;
				GCC_NO_COMMON_BLOCKS = YES;
				GCC_OPTIMIZATION_LEVEL = 0;
				GCC_PREPROCESSOR_DEFINITIONS = (
					"DEBUG=1",
					"$(inherited)",
				);
				GCC_WARN_64_TO_32_BIT_CONVERSION = YES;
				GCC_WARN_ABOUT_RETURN_TYPE = YES_ERROR;
				GCC_WARN_UNDECLARED_SELECTOR = YES;
				GCC_WARN_UNINITIALIZED_AUTOS = YES_AGGRESSIVE;
				GCC_WARN_UNUSED_FUNCTION = YES;
				GCC_WARN_UNUSED_VARIABLE = YES;
				MACOSX_DEPLOYMENT_TARGET = 10.14;
				MTL_ENABLE_DEBUG_INFO = INCLUDE_SOURCE;
				MTL_FAST_MATH = YES;
				ONLY_ACTIVE_ARCH = YES;
				SDKROOT = macosx;
				SWIFT_ACTIVE_COMPILATION_CONDITIONS = DEBUG;
				SWIFT_OPTIMIZATION_LEVEL = "-Onone";
			};
			name = Debug;
		};
		79FD5C0222647AC4009EDB9C /* Release */ = {
			isa = XCBuildConfiguration;
			buildSettings = {
				ALWAYS_SEARCH_USER_PATHS = NO;
				CLANG_ANALYZER_NONNULL = YES;
				CLANG_ANALYZER_NUMBER_OBJECT_CONVERSION = YES_AGGRESSIVE;
				CLANG_CXX_LANGUAGE_STANDARD = "gnu++14";
				CLANG_CXX_LIBRARY = "libc++";
				CLANG_ENABLE_MODULES = YES;
				CLANG_ENABLE_OBJC_ARC = YES;
				CLANG_ENABLE_OBJC_WEAK = YES;
				CLANG_WARN_BLOCK_CAPTURE_AUTORELEASING = YES;
				CLANG_WARN_BOOL_CONVERSION = YES;
				CLANG_WARN_COMMA = YES;
				CLANG_WARN_CONSTANT_CONVERSION = YES;
				CLANG_WARN_DEPRECATED_OBJC_IMPLEMENTATIONS = YES;
				CLANG_WARN_DIRECT_OBJC_ISA_USAGE = YES_ERROR;
				CLANG_WARN_DOCUMENTATION_COMMENTS = YES;
				CLANG_WARN_EMPTY_BODY = YES;
				CLANG_WARN_ENUM_CONVERSION = YES;
				CLANG_WARN_INFINITE_RECURSION = YES;
				CLANG_WARN_INT_CONVERSION = YES;
				CLANG_WARN_NON_LITERAL_NULL_CONVERSION = YES;
				CLANG_WARN_OBJC_IMPLICIT_RETAIN_SELF = YES;
				CLANG_WARN_OBJC_LITERAL_CONVERSION = YES;
				CLANG_WARN_OBJC_ROOT_CLASS = YES_ERROR;
				CLANG_WARN_RANGE_LOOP_ANALYSIS = YES;
				CLANG_WARN_STRICT_PROTOTYPES = YES;
				CLANG_WARN_SUSPICIOUS_MOVE = YES;
				CLANG_WARN_UNGUARDED_AVAILABILITY = YES_AGGRESSIVE;
				CLANG_WARN_UNREACHABLE_CODE = YES;
				CLANG_WARN__DUPLICATE_METHOD_MATCH = YES;
				CODE_SIGN_IDENTITY = "Mac Developer";
				COPY_PHASE_STRIP = NO;
				DEBUG_INFORMATION_FORMAT = "dwarf-with-dsym";
				ENABLE_NS_ASSERTIONS = NO;
				ENABLE_STRICT_OBJC_MSGSEND = YES;
				GCC_C_LANGUAGE_STANDARD = gnu11;
				GCC_NO_COMMON_BLOCKS = YES;
				GCC_WARN_64_TO_32_BIT_CONVERSION = YES;
				GCC_WARN_ABOUT_RETURN_TYPE = YES_ERROR;
				GCC_WARN_UNDECLARED_SELECTOR = YES;
				GCC_WARN_UNINITIALIZED_AUTOS = YES_AGGRESSIVE;
				GCC_WARN_UNUSED_FUNCTION = YES;
				GCC_WARN_UNUSED_VARIABLE = YES;
				MACOSX_DEPLOYMENT_TARGET = 10.14;
				MTL_ENABLE_DEBUG_INFO = NO;
				MTL_FAST_MATH = YES;
				SDKROOT = macosx;
				SWIFT_COMPILATION_MODE = wholemodule;
				SWIFT_OPTIMIZATION_LEVEL = "-O";
			};
			name = Release;
		};
		79FD5C0422647AC4009EDB9C /* Debug */ = {
			isa = XCBuildConfiguration;
			baseConfigurationReference = 0762FFF90A53923C70174323 /* Pods-dogeTV.debug.xcconfig */;
			buildSettings = {
				ASSETCATALOG_COMPILER_APPICON_NAME = AppIcon;
				CODE_SIGN_ENTITLEMENTS = dogeTV/dogeTV.entitlements;
				CODE_SIGN_IDENTITY = "";
				CODE_SIGN_STYLE = Manual;
				COMBINE_HIDPI_IMAGES = YES;
				DEVELOPMENT_TEAM = 983GE8X6R9;
				FRAMEWORK_SEARCH_PATHS = (
					"$(inherited)",
					"$(PROJECT_DIR)/dogeTV/Frameworks",
				);
				INFOPLIST_FILE = dogeTV/Info.plist;
				LD_RUNPATH_SEARCH_PATHS = (
					"$(inherited)",
					"@executable_path/../Frameworks",
				);
				MACOSX_DEPLOYMENT_TARGET = 10.14;
				PRODUCT_BUNDLE_IDENTIFIER = com.popeye.dogeTV;
				PRODUCT_NAME = "$(TARGET_NAME)";
				PROVISIONING_PROFILE_SPECIFIER = "";
				SWIFT_VERSION = 5.0;
			};
			name = Debug;
		};
		79FD5C0522647AC4009EDB9C /* Release */ = {
			isa = XCBuildConfiguration;
			baseConfigurationReference = F418D3F66A0802301579C722 /* Pods-dogeTV.release.xcconfig */;
			buildSettings = {
				ASSETCATALOG_COMPILER_APPICON_NAME = AppIcon;
				CODE_SIGN_ENTITLEMENTS = dogeTV/dogeTV.entitlements;
				CODE_SIGN_IDENTITY = "";
				CODE_SIGN_STYLE = Manual;
				COMBINE_HIDPI_IMAGES = YES;
				DEVELOPMENT_TEAM = 983GE8X6R9;
				FRAMEWORK_SEARCH_PATHS = (
					"$(inherited)",
					"$(PROJECT_DIR)/dogeTV/Frameworks",
				);
				INFOPLIST_FILE = dogeTV/Info.plist;
				LD_RUNPATH_SEARCH_PATHS = (
					"$(inherited)",
					"@executable_path/../Frameworks",
				);
				MACOSX_DEPLOYMENT_TARGET = 10.14;
				PRODUCT_BUNDLE_IDENTIFIER = com.popeye.dogeTV;
				PRODUCT_NAME = "$(TARGET_NAME)";
				PROVISIONING_PROFILE_SPECIFIER = "";
				SWIFT_VERSION = 5.0;
			};
			name = Release;
		};
/* End XCBuildConfiguration section */

/* Begin XCConfigurationList section */
		79FD5BEE22647AC3009EDB9C /* Build configuration list for PBXProject "dogeTV" */ = {
			isa = XCConfigurationList;
			buildConfigurations = (
				79FD5C0122647AC4009EDB9C /* Debug */,
				79FD5C0222647AC4009EDB9C /* Release */,
			);
			defaultConfigurationIsVisible = 0;
			defaultConfigurationName = Release;
		};
		79FD5C0322647AC4009EDB9C /* Build configuration list for PBXNativeTarget "dogeTV" */ = {
			isa = XCConfigurationList;
			buildConfigurations = (
				79FD5C0422647AC4009EDB9C /* Debug */,
				79FD5C0522647AC4009EDB9C /* Release */,
			);
			defaultConfigurationIsVisible = 0;
			defaultConfigurationName = Release;
		};
/* End XCConfigurationList section */
	};
	rootObject = 79FD5BEB22647AC3009EDB9C /* Project object */;
}
